
Microsoft Visual Studio Solution File, Format Version 12.00
# Visual Studio 15
Project("{FAE04EC0-301F-11D3-BF4B-00C04F79EFBC}") = "Assembly-CSharp", "Assembly-CSharp.csproj", "{F85BE26B-B541-D898-1AD8-04F4CCDB73D2}"
EndProject
Project("{FAE04EC0-301F-11D3-BF4B-00C04F79EFBC}") = "Unity.XR.Interaction.Toolkit.Samples.StarterAssets", "Unity.XR.Interaction.Toolkit.Samples.StarterAssets.csproj", "{B5D6A042-E5D7-FF30-9431-8C957A89BDA1}"
EndProject
Project("{FAE04EC0-301F-11D3-BF4B-00C04F79EFBC}") = "Unity.XR.Interaction.Toolkit.Samples.DeviceSimulator", "Unity.XR.Interaction.Toolkit.Samples.DeviceSimulator.csproj", "{66A0CAC3-2E72-71FB-1CEF-2059BA67B7F8}"
EndProject
Global
	GlobalSection(SolutionConfigurationPlatforms) = preSolution
		Debug|Any CPU = Debug|Any CPU
		Release|Any CPU = Release|Any CPU
	EndGlobalSection
	GlobalSection(ProjectConfigurationPlatforms) = postSolution
		{F85BE26B-B541-D898-1AD8-04F4CCDB73D2}.Debug|Any CPU.ActiveCfg = Debug|Any CPU
		{F85BE26B-B541-D898-1AD8-04F4CCDB73D2}.Debug|Any CPU.Build.0 = Debug|Any CPU
		{F85BE26B-B541-D898-1AD8-04F4CCDB73D2}.Release|Any CPU.ActiveCfg = Release|Any CPU
		{F85BE26B-B541-D898-1AD8-04F4CCDB73D2}.Release|Any CPU.Build.0 = Release|Any CPU
		{B5D6A042-E5D7-FF30-9431-8C957A89BDA1}.Debug|Any CPU.ActiveCfg = Debug|Any CPU
		{B5D6A042-E5D7-FF30-9431-8C957A89BDA1}.Debug|Any CPU.Build.0 = Debug|Any CPU
		{B5D6A042-E5D7-FF30-9431-8C957A89BDA1}.Release|Any CPU.ActiveCfg = Release|Any CPU
		{B5D6A042-E5D7-FF30-9431-8C957A89BDA1}.Release|Any CPU.Build.0 = Release|Any CPU
		{66A0CAC3-2E72-71FB-1CEF-2059BA67B7F8}.Debug|Any CPU.ActiveCfg = Debug|Any CPU
		{66A0CAC3-2E72-71FB-1CEF-2059BA67B7F8}.Debug|Any CPU.Build.0 = Debug|Any CPU
		{66A0CAC3-2E72-71FB-1CEF-2059BA67B7F8}.Release|Any CPU.ActiveCfg = Release|Any CPU
		{66A0CAC3-2E72-71FB-1CEF-2059BA67B7F8}.Release|Any CPU.Build.0 = Release|Any CPU
	EndGlobalSection
	GlobalSection(SolutionProperties) = preSolution
		HideSolutionNode = FALSE
	EndGlobalSection
EndGlobal
